{
  "name": "test",
  "version": "1.0.0",
  "lockfileVersion": 2,
  "requires": true,
  "packages": {
    "": {
      "name": "test",
      "version": "1.0.0",
      "license": "ISC",
      "dependencies": {
        "@airgap/beacon-sdk": "^3.0.0"
      },
      "devDependencies": {
        "typescript": "^4.6.4"
      }
    },
    "node_modules/@airgap/beacon-blockchain-substrate": {
      "version": "3.0.0",
      "resolved": "https://registry.npmjs.org/@airgap/beacon-blockchain-substrate/-/beacon-blockchain-substrate-3.0.0.tgz",
      "integrity": "sha512-2JmivUAhNTfu8CNJ+sTkQ2cMQNwvkZFuCo1a4B0Ij+pOjBZl186TA4VuQEbAQqf1p3JVZqXTljHQVH3rugrJxQ==",
      "dependencies": {
        "@airgap/beacon-types": "^3.0.0",
        "@airgap/beacon-ui": "^3.0.0"
      }
    },
    "node_modules/@airgap/beacon-blockchain-tezos": {
      "version": "3.0.0",
      "resolved": "https://registry.npmjs.org/@airgap/beacon-blockchain-tezos/-/beacon-blockchain-tezos-3.0.0.tgz",
      "integrity": "sha512-gN4mku2zaSOUSzbrwSkYbuChGzfvBJoXHPd0FSJOGZvH1Em4WNC37TJPZX0WnPjblYE3fZW9XHaVADLqnPm3fw==",
      "dependencies": {
        "@airgap/beacon-types": "^3.0.0",
        "@airgap/beacon-ui": "^3.0.0"
      }
    },
    "node_modules/@airgap/beacon-core": {
      "version": "3.0.0",
      "resolved": "https://registry.npmjs.org/@airgap/beacon-core/-/beacon-core-3.0.0.tgz",
      "integrity": "sha512-zC79n3yzXWlGPkPq1DKPWLV/gZnLB6oeE+NToftgIB+4Grn5+ojliOfIL4WnYus8uQrYuhp7wOyri9HCnwco0A==",
      "dependencies": {
        "@airgap/beacon-types": "^3.0.0",
        "@airgap/beacon-utils": "^3.0.0",
        "@types/libsodium-wrappers": "0.7.9",
        "bs58check": "2.1.2",
        "libsodium-wrappers": "0.7.9"
      }
    },
    "node_modules/@airgap/beacon-dapp": {
      "version": "3.0.0",
      "resolved": "https://registry.npmjs.org/@airgap/beacon-dapp/-/beacon-dapp-3.0.0.tgz",
      "integrity": "sha512-WVZIfOWwZPhFu9/0G2u3dHEemt5flTIW8HFiVU3lMFN4KTMNFnJCbPikpVpUdDvS8nAjH5XF8fo7ddNOmvTk5w==",
      "dependencies": {
        "@airgap/beacon-core": "^3.0.0",
        "@airgap/beacon-transport-matrix": "^3.0.0",
        "@airgap/beacon-transport-postmessage": "^3.0.0",
        "@airgap/beacon-ui": "^3.0.0",
        "qrcode-generator": "1.4.4"
      }
    },
    "node_modules/@airgap/beacon-sdk": {
      "version": "3.0.0",
      "resolved": "https://registry.npmjs.org/@airgap/beacon-sdk/-/beacon-sdk-3.0.0.tgz",
      "integrity": "sha512-CQikVtT0l7Zg5SDfcJjGqb5tn+fpG+sZ1YaZWvFwcpZBV2aPBwOTVS/QBedRI3gsHEcSM4mho+QfDGLgrRiCjA==",
      "dependencies": {
        "@airgap/beacon-blockchain-substrate": "^3.0.0",
        "@airgap/beacon-blockchain-tezos": "^3.0.0",
        "@airgap/beacon-core": "^3.0.0",
        "@airgap/beacon-dapp": "^3.0.0",
        "@airgap/beacon-transport-matrix": "^3.0.0",
        "@airgap/beacon-transport-postmessage": "^3.0.0",
        "@airgap/beacon-types": "^3.0.0",
        "@airgap/beacon-ui": "^3.0.0",
        "@airgap/beacon-utils": "^3.0.0",
        "@airgap/beacon-wallet": "^3.0.0"
      }
    },
    "node_modules/@airgap/beacon-transport-matrix": {
      "version": "3.0.0",
      "resolved": "https://registry.npmjs.org/@airgap/beacon-transport-matrix/-/beacon-transport-matrix-3.0.0.tgz",
      "integrity": "sha512-oGOmD7SPlA/u3jYGOpon7oyVugTH9wt/N4BNsZJNMEIPwMYqAIG08iAEeIe9rNcDzjueoSAUQZBGnX3ee9uwgw==",
      "dependencies": {
        "@airgap/beacon-core": "^3.0.0",
        "@airgap/beacon-utils": "^3.0.0",
        "axios": "0.24.0"
      }
    },
    "node_modules/@airgap/beacon-transport-postmessage": {
      "version": "3.0.0",
      "resolved": "https://registry.npmjs.org/@airgap/beacon-transport-postmessage/-/beacon-transport-postmessage-3.0.0.tgz",
      "integrity": "sha512-sF698z1fUL15Qks4k0Z/LLJH/gqueOfQeQ8cWxNhvdqMcX7FlhVI1iYJroI2w6TtDH7XGBcWQwDwCUw58OZQbQ==",
      "dependencies": {
        "@airgap/beacon-core": "^3.0.0",
        "@airgap/beacon-types": "^3.0.0",
        "@airgap/beacon-utils": "^3.0.0",
        "@types/libsodium-wrappers": "0.7.9",
        "libsodium-wrappers": "0.7.9"
      }
    },
    "node_modules/@airgap/beacon-types": {
      "version": "3.0.0",
      "resolved": "https://registry.npmjs.org/@airgap/beacon-types/-/beacon-types-3.0.0.tgz",
      "integrity": "sha512-P81xglSWbotIZbftLFMNTOTtaOrzWKz9PCr45UC2lFTMGq5MsEVQho0ssIjytSp6M/hAHW/01hUNfKDdgooHhw==",
      "dependencies": {
        "@types/chrome": "0.0.163"
      }
    },
    "node_modules/@airgap/beacon-ui": {
      "version": "3.0.0",
      "resolved": "https://registry.npmjs.org/@airgap/beacon-ui/-/beacon-ui-3.0.0.tgz",
      "integrity": "sha512-+uGJp5wWYteZtjLzo9vsIG6GNzZkyBnaU5o7ybtr0A3YbSlFBNbm2IpNIxJ5vtxwN6g3fK/yef1iPvXa1Ezwdg==",
      "dependencies": {
        "@airgap/beacon-core": "^3.0.0",
        "@airgap/beacon-transport-postmessage": "^3.0.0",
        "@airgap/beacon-types": "^3.0.0",
        "@airgap/beacon-utils": "^3.0.0"
      }
    },
    "node_modules/@airgap/beacon-utils": {
      "version": "3.0.0",
      "resolved": "https://registry.npmjs.org/@airgap/beacon-utils/-/beacon-utils-3.0.0.tgz",
      "integrity": "sha512-hjynz2qufs6yTQXj870bRnhc3v2V0osnzjy4AfkbTXC2D96E34PQt9ao1eGK75vWThJv3uw1Yham2vpBiXyzzg==",
      "dependencies": {
        "@types/libsodium-wrappers": "0.7.9",
        "bs58check": "2.1.2",
        "libsodium-wrappers": "0.7.9"
      }
    },
    "node_modules/@airgap/beacon-wallet": {
      "version": "3.0.0",
      "resolved": "https://registry.npmjs.org/@airgap/beacon-wallet/-/beacon-wallet-3.0.0.tgz",
      "integrity": "sha512-lPrb1Mpid3wQFYbt8Cd2xuBjTIn+teqp1US/+bMhoHDHQnZs9NryB8WlbsWaFjRXbAULTYOkyGOIko4HDySLxg==",
      "dependencies": {
        "@airgap/beacon-core": "^3.0.0",
        "@airgap/beacon-transport-matrix": "^3.0.0",
        "@airgap/beacon-transport-postmessage": "^3.0.0"
      }
    },
    "node_modules/@types/chrome": {
      "version": "0.0.163",
      "resolved": "https://registry.npmjs.org/@types/chrome/-/chrome-0.0.163.tgz",
      "integrity": "sha512-g+3E2tg/ukFsEgH+tB3a/b+J1VSvq/8gh2Jwih9eq+T3Idrz7ngj97u+/ya58Bfei2TQtPlRivj1FsCaSnukDA==",
      "dependencies": {
        "@types/filesystem": "*",
        "@types/har-format": "*"
      }
    },
    "node_modules/@types/filesystem": {
      "version": "0.0.32",
      "resolved": "https://registry.npmjs.org/@types/filesystem/-/filesystem-0.0.32.tgz",
      "integrity": "sha512-Yuf4jR5YYMR2DVgwuCiP11s0xuVRyPKmz8vo6HBY3CGdeMj8af93CFZX+T82+VD1+UqHOxTq31lO7MI7lepBtQ==",
      "dependencies": {
        "@types/filewriter": "*"
      }
    },
    "node_modules/@types/filewriter": {
      "version": "0.0.29",
      "resolved": "https://registry.npmjs.org/@types/filewriter/-/filewriter-0.0.29.tgz",
      "integrity": "sha512-BsPXH/irW0ht0Ji6iw/jJaK8Lj3FJemon2gvEqHKpCdDCeemHa+rI3WBGq5z7cDMZgoLjY40oninGxqk+8NzNQ=="
    },
    "node_modules/@types/har-format": {
      "version": "1.2.8",
      "resolved": "https://registry.npmjs.org/@types/har-format/-/har-format-1.2.8.tgz",
      "integrity": "sha512-OP6L9VuZNdskgNN3zFQQ54ceYD8OLq5IbqO4VK91ORLfOm7WdT/CiT/pHEBSQEqCInJ2y3O6iCm/zGtPElpgJQ=="
    },
    "node_modules/@types/libsodium-wrappers": {
      "version": "0.7.9",
      "resolved": "https://registry.npmjs.org/@types/libsodium-wrappers/-/libsodium-wrappers-0.7.9.tgz",
      "integrity": "sha512-LisgKLlYQk19baQwjkBZZXdJL0KbeTpdEnrAfz5hQACbklCY0gVFnsKUyjfNWF1UQsCSjw93Sj5jSbiO8RPfdw=="
    },
    "node_modules/axios": {
      "version": "0.24.0",
      "resolved": "https://registry.npmjs.org/axios/-/axios-0.24.0.tgz",
      "integrity": "sha512-Q6cWsys88HoPgAaFAVUb0WpPk0O8iTeisR9IMqy9G8AbO4NlpVknrnQS03zzF9PGAWgO3cgletO3VjV/P7VztA==",
      "dependencies": {
        "follow-redirects": "^1.14.4"
      }
    },
    "node_modules/base-x": {
      "version": "3.0.9",
      "resolved": "https://registry.npmjs.org/base-x/-/base-x-3.0.9.tgz",
      "integrity": "sha512-H7JU6iBHTal1gp56aKoaa//YUxEaAOUiydvrV/pILqIHXTtqxSkATOnDA2u+jZ/61sD+L/412+7kzXRtWukhpQ==",
      "dependencies": {
        "safe-buffer": "^5.0.1"
      }
    },
    "node_modules/bs58": {
      "version": "4.0.1",
      "resolved": "https://registry.npmjs.org/bs58/-/bs58-4.0.1.tgz",
      "integrity": "sha512-Ok3Wdf5vOIlBrgCvTq96gBkJw+JUEzdBgyaza5HLtPm7yTHkjRy8+JzNyHF7BHa0bNWOQIp3m5YF0nnFcOIKLw==",
      "dependencies": {
        "base-x": "^3.0.2"
      }
    },
    "node_modules/bs58check": {
      "version": "2.1.2",
      "resolved": "https://registry.npmjs.org/bs58check/-/bs58check-2.1.2.tgz",
      "integrity": "sha512-0TS1jicxdU09dwJMNZtVAfzPi6Q6QeN0pM1Fkzrjn+XYHvzMKPU3pHVpva+769iNVSfIYWf7LJ6WR+BuuMf8cA==",
      "dependencies": {
        "bs58": "^4.0.0",
        "create-hash": "^1.1.0",
        "safe-buffer": "^5.1.2"
      }
    },
    "node_modules/cipher-base": {
      "version": "1.0.4",
      "resolved": "https://registry.npmjs.org/cipher-base/-/cipher-base-1.0.4.tgz",
      "integrity": "sha512-Kkht5ye6ZGmwv40uUDZztayT2ThLQGfnj/T71N/XzeZeo3nf8foyW7zGTsPYkEya3m5f3cAypH+qe7YOrM1U2Q==",
      "dependencies": {
        "inherits": "^2.0.1",
        "safe-buffer": "^5.0.1"
      }
    },
    "node_modules/create-hash": {
      "version": "1.2.0",
      "resolved": "https://registry.npmjs.org/create-hash/-/create-hash-1.2.0.tgz",
      "integrity": "sha512-z00bCGNHDG8mHAkP7CtT1qVu+bFQUPjYq/4Iv3C3kWjTFV10zIjfSoeqXo9Asws8gwSHDGj/hl2u4OGIjapeCg==",
      "dependencies": {
        "cipher-base": "^1.0.1",
        "inherits": "^2.0.1",
        "md5.js": "^1.3.4",
        "ripemd160": "^2.0.1",
        "sha.js": "^2.4.0"
      }
    },
    "node_modules/follow-redirects": {
      "version": "1.15.0",
      "resolved": "https://registry.npmjs.org/follow-redirects/-/follow-redirects-1.15.0.tgz",
      "integrity": "sha512-aExlJShTV4qOUOL7yF1U5tvLCB0xQuudbf6toyYA0E/acBNw71mvjFTnLaRp50aQaYocMR0a/RMMBIHeZnGyjQ==",
      "funding": [
        {
          "type": "individual",
          "url": "https://github.com/sponsors/RubenVerborgh"
        }
      ],
      "engines": {
        "node": ">=4.0"
      },
      "peerDependenciesMeta": {
        "debug": {
          "optional": true
        }
      }
    },
    "node_modules/hash-base": {
      "version": "3.1.0",
      "resolved": "https://registry.npmjs.org/hash-base/-/hash-base-3.1.0.tgz",
      "integrity": "sha512-1nmYp/rhMDiE7AYkDw+lLwlAzz0AntGIe51F3RfFfEqyQ3feY2eI/NcwC6umIQVOASPMsWJLJScWKSSvzL9IVA==",
      "dependencies": {
        "inherits": "^2.0.4",
        "readable-stream": "^3.6.0",
        "safe-buffer": "^5.2.0"
      },
      "engines": {
        "node": ">=4"
      }
    },
    "node_modules/inherits": {
      "version": "2.0.4",
      "resolved": "https://registry.npmjs.org/inherits/-/inherits-2.0.4.tgz",
      "integrity": "sha512-k/vGaX4/Yla3WzyMCvTQOXYeIHvqOKtnqBduzTHpzpQZzAskKMhZ2K+EnBiSM9zGSoIFeMpXKxa4dYeZIQqewQ=="
    },
    "node_modules/libsodium": {
      "version": "0.7.10",
      "resolved": "https://registry.npmjs.org/libsodium/-/libsodium-0.7.10.tgz",
      "integrity": "sha512-eY+z7hDrDKxkAK+QKZVNv92A5KYkxfvIshtBJkmg5TSiCnYqZP3i9OO9whE79Pwgm4jGaoHgkM4ao/b9Cyu4zQ=="
    },
    "node_modules/libsodium-wrappers": {
      "version": "0.7.9",
      "resolved": "https://registry.npmjs.org/libsodium-wrappers/-/libsodium-wrappers-0.7.9.tgz",
      "integrity": "sha512-9HaAeBGk1nKTRFRHkt7nzxqCvnkWTjn1pdjKgcUnZxj0FyOP4CnhgFhMdrFfgNsukijBGyBLpP2m2uKT1vuWhQ==",
      "dependencies": {
        "libsodium": "^0.7.0"
      }
    },
    "node_modules/md5.js": {
      "version": "1.3.5",
      "resolved": "https://registry.npmjs.org/md5.js/-/md5.js-1.3.5.tgz",
      "integrity": "sha512-xitP+WxNPcTTOgnTJcrhM0xvdPepipPSf3I8EIpGKeFLjt3PlJLIDG3u8EX53ZIubkb+5U2+3rELYpEhHhzdkg==",
      "dependencies": {
        "hash-base": "^3.0.0",
        "inherits": "^2.0.1",
        "safe-buffer": "^5.1.2"
      }
    },
    "node_modules/qrcode-generator": {
      "version": "1.4.4",
      "resolved": "https://registry.npmjs.org/qrcode-generator/-/qrcode-generator-1.4.4.tgz",
      "integrity": "sha512-HM7yY8O2ilqhmULxGMpcHSF1EhJJ9yBj8gvDEuZ6M+KGJ0YY2hKpnXvRD+hZPLrDVck3ExIGhmPtSdcjC+guuw=="
    },
    "node_modules/readable-stream": {
      "version": "3.6.0",
      "resolved": "https://registry.npmjs.org/readable-stream/-/readable-stream-3.6.0.tgz",
      "integrity": "sha512-BViHy7LKeTz4oNnkcLJ+lVSL6vpiFeX6/d3oSH8zCW7UxP2onchk+vTGB143xuFjHS3deTgkKoXXymXqymiIdA==",
      "dependencies": {
        "inherits": "^2.0.3",
        "string_decoder": "^1.1.1",
        "util-deprecate": "^1.0.1"
      },
      "engines": {
        "node": ">= 6"
      }
    },
    "node_modules/ripemd160": {
      "version": "2.0.2",
      "resolved": "https://registry.npmjs.org/ripemd160/-/ripemd160-2.0.2.tgz",
      "integrity": "sha512-ii4iagi25WusVoiC4B4lq7pbXfAp3D9v5CwfkY33vffw2+pkDjY1D8GaN7spsxvCSx8dkPqOZCEZyfxcmJG2IA==",
      "dependencies": {
        "hash-base": "^3.0.0",
        "inherits": "^2.0.1"
      }
    },
    "node_modules/safe-buffer": {
      "version": "5.2.1",
      "resolved": "https://registry.npmjs.org/safe-buffer/-/safe-buffer-5.2.1.tgz",
      "integrity": "sha512-rp3So07KcdmmKbGvgaNxQSJr7bGVSVk5S9Eq1F+ppbRo70+YeaDxkw5Dd8NPN+GD6bjnYm2VuPuCXmpuYvmCXQ==",
      "funding": [
        {
          "type": "github",
          "url": "https://github.com/sponsors/feross"
        },
        {
          "type": "patreon",
          "url": "https://www.patreon.com/feross"
        },
        {
          "type": "consulting",
          "url": "https://feross.org/support"
        }
      ]
    },
    "node_modules/sha.js": {
      "version": "2.4.11",
      "resolved": "https://registry.npmjs.org/sha.js/-/sha.js-2.4.11.tgz",
      "integrity": "sha512-QMEp5B7cftE7APOjk5Y6xgrbWu+WkLVQwk8JNjZ8nKRciZaByEW6MubieAiToS7+dwvrjGhH8jRXz3MVd0AYqQ==",
      "dependencies": {
        "inherits": "^2.0.1",
        "safe-buffer": "^5.0.1"
      },
      "bin": {
        "sha.js": "bin.js"
      }
    },
    "node_modules/string_decoder": {
      "version": "1.3.0",
      "resolved": "https://registry.npmjs.org/string_decoder/-/string_decoder-1.3.0.tgz",
      "integrity": "sha512-hkRX8U1WjJFd8LsDJ2yQ/wWWxaopEsABU1XfkM8A+j0+85JAGppt16cr1Whg6KIbb4okU6Mql6BOj+uup/wKeA==",
      "dependencies": {
        "safe-buffer": "~5.2.0"
      }
    },
    "node_modules/typescript": {
      "version": "4.6.4",
      "resolved": "https://registry.npmjs.org/typescript/-/typescript-4.6.4.tgz",
      "integrity": "sha512-9ia/jWHIEbo49HfjrLGfKbZSuWo9iTMwXO+Ca3pRsSpbsMbc7/IU8NKdCZVRRBafVPGnoJeFL76ZOAA84I9fEg==",
      "dev": true,
      "bin": {
        "tsc": "bin/tsc",
        "tsserver": "bin/tsserver"
      },
      "engines": {
        "node": ">=4.2.0"
      }
    },
    "node_modules/util-deprecate": {
      "version": "1.0.2",
      "resolved": "https://registry.npmjs.org/util-deprecate/-/util-deprecate-1.0.2.tgz",
      "integrity": "sha1-RQ1Nyfpw3nMnYvvS1KKJgUGaDM8="
    }
  },
  "dependencies": {
    "@airgap/beacon-blockchain-substrate": {
      "version": "3.0.0",
      "resolved": "https://registry.npmjs.org/@airgap/beacon-blockchain-substrate/-/beacon-blockchain-substrate-3.0.0.tgz",
      "integrity": "sha512-2JmivUAhNTfu8CNJ+sTkQ2cMQNwvkZFuCo1a4B0Ij+pOjBZl186TA4VuQEbAQqf1p3JVZqXTljHQVH3rugrJxQ==",
      "requires": {
        "@airgap/beacon-types": "^3.0.0",
        "@airgap/beacon-ui": "^3.0.0"
      }
    },
    "@airgap/beacon-blockchain-tezos": {
      "version": "3.0.0",
      "resolved": "https://registry.npmjs.org/@airgap/beacon-blockchain-tezos/-/beacon-blockchain-tezos-3.0.0.tgz",
      "integrity": "sha512-gN4mku2zaSOUSzbrwSkYbuChGzfvBJoXHPd0FSJOGZvH1Em4WNC37TJPZX0WnPjblYE3fZW9XHaVADLqnPm3fw==",
      "requires": {
        "@airgap/beacon-types": "^3.0.0",
        "@airgap/beacon-ui": "^3.0.0"
      }
    },
    "@airgap/beacon-core": {
      "version": "3.0.0",
      "resolved": "https://registry.npmjs.org/@airgap/beacon-core/-/beacon-core-3.0.0.tgz",
      "integrity": "sha512-zC79n3yzXWlGPkPq1DKPWLV/gZnLB6oeE+NToftgIB+4Grn5+ojliOfIL4WnYus8uQrYuhp7wOyri9HCnwco0A==",
      "requires": {
        "@airgap/beacon-types": "^3.0.0",
        "@airgap/beacon-utils": "^3.0.0",
        "@types/libsodium-wrappers": "0.7.9",
        "bs58check": "2.1.2",
        "libsodium-wrappers": "0.7.9"
      }
    },
    "@airgap/beacon-dapp": {
      "version": "3.0.0",
      "resolved": "https://registry.npmjs.org/@airgap/beacon-dapp/-/beacon-dapp-3.0.0.tgz",
      "integrity": "sha512-WVZIfOWwZPhFu9/0G2u3dHEemt5flTIW8HFiVU3lMFN4KTMNFnJCbPikpVpUdDvS8nAjH5XF8fo7ddNOmvTk5w==",
      "requires": {
        "@airgap/beacon-core": "^3.0.0",
        "@airgap/beacon-transport-matrix": "^3.0.0",
        "@airgap/beacon-transport-postmessage": "^3.0.0",
        "@airgap/beacon-ui": "^3.0.0",
        "qrcode-generator": "1.4.4"
      }
    },
    "@airgap/beacon-sdk": {
      "version": "3.0.0",
      "resolved": "https://registry.npmjs.org/@airgap/beacon-sdk/-/beacon-sdk-3.0.0.tgz",
      "integrity": "sha512-CQikVtT0l7Zg5SDfcJjGqb5tn+fpG+sZ1YaZWvFwcpZBV2aPBwOTVS/QBedRI3gsHEcSM4mho+QfDGLgrRiCjA==",
      "requires": {
        "@airgap/beacon-blockchain-substrate": "^3.0.0",
        "@airgap/beacon-blockchain-tezos": "^3.0.0",
        "@airgap/beacon-core": "^3.0.0",
        "@airgap/beacon-dapp": "^3.0.0",
        "@airgap/beacon-transport-matrix": "^3.0.0",
        "@airgap/beacon-transport-postmessage": "^3.0.0",
        "@airgap/beacon-types": "^3.0.0",
        "@airgap/beacon-ui": "^3.0.0",
        "@airgap/beacon-utils": "^3.0.0",
        "@airgap/beacon-wallet": "^3.0.0"
      }
    },
    "@airgap/beacon-transport-matrix": {
      "version": "3.0.0",
      "resolved": "https://registry.npmjs.org/@airgap/beacon-transport-matrix/-/beacon-transport-matrix-3.0.0.tgz",
      "integrity": "sha512-oGOmD7SPlA/u3jYGOpon7oyVugTH9wt/N4BNsZJNMEIPwMYqAIG08iAEeIe9rNcDzjueoSAUQZBGnX3ee9uwgw==",
      "requires": {
        "@airgap/beacon-core": "^3.0.0",
        "@airgap/beacon-utils": "^3.0.0",
        "axios": "0.24.0"
      }
    },
    "@airgap/beacon-transport-postmessage": {
      "version": "3.0.0",
      "resolved": "https://registry.npmjs.org/@airgap/beacon-transport-postmessage/-/beacon-transport-postmessage-3.0.0.tgz",
      "integrity": "sha512-sF698z1fUL15Qks4k0Z/LLJH/gqueOfQeQ8cWxNhvdqMcX7FlhVI1iYJroI2w6TtDH7XGBcWQwDwCUw58OZQbQ==",
      "requires": {
        "@airgap/beacon-core": "^3.0.0",
        "@airgap/beacon-types": "^3.0.0",
        "@airgap/beacon-utils": "^3.0.0",
        "@types/libsodium-wrappers": "0.7.9",
        "libsodium-wrappers": "0.7.9"
      }
    },
    "@airgap/beacon-types": {
      "version": "3.0.0",
      "resolved": "https://registry.npmjs.org/@airgap/beacon-types/-/beacon-types-3.0.0.tgz",
      "integrity": "sha512-P81xglSWbotIZbftLFMNTOTtaOrzWKz9PCr45UC2lFTMGq5MsEVQho0ssIjytSp6M/hAHW/01hUNfKDdgooHhw==",
      "requires": {
        "@types/chrome": "0.0.163"
      }
    },
    "@airgap/beacon-ui": {
      "version": "3.0.0",
      "resolved": "https://registry.npmjs.org/@airgap/beacon-ui/-/beacon-ui-3.0.0.tgz",
      "integrity": "sha512-+uGJp5wWYteZtjLzo9vsIG6GNzZkyBnaU5o7ybtr0A3YbSlFBNbm2IpNIxJ5vtxwN6g3fK/yef1iPvXa1Ezwdg==",
      "requires": {
        "@airgap/beacon-core": "^3.0.0",
        "@airgap/beacon-transport-postmessage": "^3.0.0",
        "@airgap/beacon-types": "^3.0.0",
        "@airgap/beacon-utils": "^3.0.0"
      }
    },
    "@airgap/beacon-utils": {
      "version": "3.0.0",
      "resolved": "https://registry.npmjs.org/@airgap/beacon-utils/-/beacon-utils-3.0.0.tgz",
      "integrity": "sha512-hjynz2qufs6yTQXj870bRnhc3v2V0osnzjy4AfkbTXC2D96E34PQt9ao1eGK75vWThJv3uw1Yham2vpBiXyzzg==",
      "requires": {
        "@types/libsodium-wrappers": "0.7.9",
        "bs58check": "2.1.2",
        "libsodium-wrappers": "0.7.9"
      }
    },
    "@airgap/beacon-wallet": {
      "version": "3.0.0",
      "resolved": "https://registry.npmjs.org/@airgap/beacon-wallet/-/beacon-wallet-3.0.0.tgz",
      "integrity": "sha512-lPrb1Mpid3wQFYbt8Cd2xuBjTIn+teqp1US/+bMhoHDHQnZs9NryB8WlbsWaFjRXbAULTYOkyGOIko4HDySLxg==",
      "requires": {
        "@airgap/beacon-core": "^3.0.0",
        "@airgap/beacon-transport-matrix": "^3.0.0",
        "@airgap/beacon-transport-postmessage": "^3.0.0"
      }
    },
    "@types/chrome": {
      "version": "0.0.163",
      "resolved": "https://registry.npmjs.org/@types/chrome/-/chrome-0.0.163.tgz",
      "integrity": "sha512-g+3E2tg/ukFsEgH+tB3a/b+J1VSvq/8gh2Jwih9eq+T3Idrz7ngj97u+/ya58Bfei2TQtPlRivj1FsCaSnukDA==",
      "requires": {
        "@types/filesystem": "*",
        "@types/har-format": "*"
      }
    },
    "@types/filesystem": {
      "version": "0.0.32",
      "resolved": "https://registry.npmjs.org/@types/filesystem/-/filesystem-0.0.32.tgz",
      "integrity": "sha512-Yuf4jR5YYMR2DVgwuCiP11s0xuVRyPKmz8vo6HBY3CGdeMj8af93CFZX+T82+VD1+UqHOxTq31lO7MI7lepBtQ==",
      "requires": {
        "@types/filewriter": "*"
      }
    },
    "@types/filewriter": {
      "version": "0.0.29",
      "resolved": "https://registry.npmjs.org/@types/filewriter/-/filewriter-0.0.29.tgz",
      "integrity": "sha512-BsPXH/irW0ht0Ji6iw/jJaK8Lj3FJemon2gvEqHKpCdDCeemHa+rI3WBGq5z7cDMZgoLjY40oninGxqk+8NzNQ=="
    },
    "@types/har-format": {
      "version": "1.2.8",
      "resolved": "https://registry.npmjs.org/@types/har-format/-/har-format-1.2.8.tgz",
      "integrity": "sha512-OP6L9VuZNdskgNN3zFQQ54ceYD8OLq5IbqO4VK91ORLfOm7WdT/CiT/pHEBSQEqCInJ2y3O6iCm/zGtPElpgJQ=="
    },
    "@types/libsodium-wrappers": {
      "version": "0.7.9",
      "resolved": "https://registry.npmjs.org/@types/libsodium-wrappers/-/libsodium-wrappers-0.7.9.tgz",
      "integrity": "sha512-LisgKLlYQk19baQwjkBZZXdJL0KbeTpdEnrAfz5hQACbklCY0gVFnsKUyjfNWF1UQsCSjw93Sj5jSbiO8RPfdw=="
    },
    "axios": {
      "version": "0.24.0",
      "resolved": "https://registry.npmjs.org/axios/-/axios-0.24.0.tgz",
      "integrity": "sha512-Q6cWsys88HoPgAaFAVUb0WpPk0O8iTeisR9IMqy9G8AbO4NlpVknrnQS03zzF9PGAWgO3cgletO3VjV/P7VztA==",
      "requires": {
        "follow-redirects": "^1.14.4"
      }
    },
    "base-x": {
      "version": "3.0.9",
      "resolved": "https://registry.npmjs.org/base-x/-/base-x-3.0.9.tgz",
      "integrity": "sha512-H7JU6iBHTal1gp56aKoaa//YUxEaAOUiydvrV/pILqIHXTtqxSkATOnDA2u+jZ/61sD+L/412+7kzXRtWukhpQ==",
      "requires": {
        "safe-buffer": "^5.0.1"
      }
    },
    "bs58": {
      "version": "4.0.1",
      "resolved": "https://registry.npmjs.org/bs58/-/bs58-4.0.1.tgz",
      "integrity": "sha512-Ok3Wdf5vOIlBrgCvTq96gBkJw+JUEzdBgyaza5HLtPm7yTHkjRy8+JzNyHF7BHa0bNWOQIp3m5YF0nnFcOIKLw==",
      "requires": {
        "base-x": "^3.0.2"
      }
    },
    "bs58check": {
      "version": "2.1.2",
      "resolved": "https://registry.npmjs.org/bs58check/-/bs58check-2.1.2.tgz",
      "integrity": "sha512-0TS1jicxdU09dwJMNZtVAfzPi6Q6QeN0pM1Fkzrjn+XYHvzMKPU3pHVpva+769iNVSfIYWf7LJ6WR+BuuMf8cA==",
      "requires": {
        "bs58": "^4.0.0",
        "create-hash": "^1.1.0",
        "safe-buffer": "^5.1.2"
      }
    },
    "cipher-base": {
      "version": "1.0.4",
      "resolved": "https://registry.npmjs.org/cipher-base/-/cipher-base-1.0.4.tgz",
      "integrity": "sha512-Kkht5ye6ZGmwv40uUDZztayT2ThLQGfnj/T71N/XzeZeo3nf8foyW7zGTsPYkEya3m5f3cAypH+qe7YOrM1U2Q==",
      "requires": {
        "inherits": "^2.0.1",
        "safe-buffer": "^5.0.1"
      }
    },
    "create-hash": {
      "version": "1.2.0",
      "resolved": "https://registry.npmjs.org/create-hash/-/create-hash-1.2.0.tgz",
      "integrity": "sha512-z00bCGNHDG8mHAkP7CtT1qVu+bFQUPjYq/4Iv3C3kWjTFV10zIjfSoeqXo9Asws8gwSHDGj/hl2u4OGIjapeCg==",
      "requires": {
        "cipher-base": "^1.0.1",
        "inherits": "^2.0.1",
        "md5.js": "^1.3.4",
        "ripemd160": "^2.0.1",
        "sha.js": "^2.4.0"
      }
    },
    "follow-redirects": {
      "version": "1.15.0",
      "resolved": "https://registry.npmjs.org/follow-redirects/-/follow-redirects-1.15.0.tgz",
      "integrity": "sha512-aExlJShTV4qOUOL7yF1U5tvLCB0xQuudbf6toyYA0E/acBNw71mvjFTnLaRp50aQaYocMR0a/RMMBIHeZnGyjQ=="
    },
    "hash-base": {
      "version": "3.1.0",
      "resolved": "https://registry.npmjs.org/hash-base/-/hash-base-3.1.0.tgz",
      "integrity": "sha512-1nmYp/rhMDiE7AYkDw+lLwlAzz0AntGIe51F3RfFfEqyQ3feY2eI/NcwC6umIQVOASPMsWJLJScWKSSvzL9IVA==",
      "requires": {
        "inherits": "^2.0.4",
        "readable-stream": "^3.6.0",
        "safe-buffer": "^5.2.0"
      }
    },
    "inherits": {
      "version": "2.0.4",
      "resolved": "https://registry.npmjs.org/inherits/-/inherits-2.0.4.tgz",
      "integrity": "sha512-k/vGaX4/Yla3WzyMCvTQOXYeIHvqOKtnqBduzTHpzpQZzAskKMhZ2K+EnBiSM9zGSoIFeMpXKxa4dYeZIQqewQ=="
    },
    "libsodium": {
      "version": "0.7.10",
      "resolved": "https://registry.npmjs.org/libsodium/-/libsodium-0.7.10.tgz",
      "integrity": "sha512-eY+z7hDrDKxkAK+QKZVNv92A5KYkxfvIshtBJkmg5TSiCnYqZP3i9OO9whE79Pwgm4jGaoHgkM4ao/b9Cyu4zQ=="
    },
    "libsodium-wrappers": {
      "version": "0.7.9",
      "resolved": "https://registry.npmjs.org/libsodium-wrappers/-/libsodium-wrappers-0.7.9.tgz",
      "integrity": "sha512-9HaAeBGk1nKTRFRHkt7nzxqCvnkWTjn1pdjKgcUnZxj0FyOP4CnhgFhMdrFfgNsukijBGyBLpP2m2uKT1vuWhQ==",
      "requires": {
        "libsodium": "^0.7.0"
      }
    },
    "md5.js": {
      "version": "1.3.5",
      "resolved": "https://registry.npmjs.org/md5.js/-/md5.js-1.3.5.tgz",
      "integrity": "sha512-xitP+WxNPcTTOgnTJcrhM0xvdPepipPSf3I8EIpGKeFLjt3PlJLIDG3u8EX53ZIubkb+5U2+3rELYpEhHhzdkg==",
      "requires": {
        "hash-base": "^3.0.0",
        "inherits": "^2.0.1",
        "safe-buffer": "^5.1.2"
      }
    },
    "qrcode-generator": {
      "version": "1.4.4",
      "resolved": "https://registry.npmjs.org/qrcode-generator/-/qrcode-generator-1.4.4.tgz",
      "integrity": "sha512-HM7yY8O2ilqhmULxGMpcHSF1EhJJ9yBj8gvDEuZ6M+KGJ0YY2hKpnXvRD+hZPLrDVck3ExIGhmPtSdcjC+guuw=="
    },
    "readable-stream": {
      "version": "3.6.0",
      "resolved": "https://registry.npmjs.org/readable-stream/-/readable-stream-3.6.0.tgz",
      "integrity": "sha512-BViHy7LKeTz4oNnkcLJ+lVSL6vpiFeX6/d3oSH8zCW7UxP2onchk+vTGB143xuFjHS3deTgkKoXXymXqymiIdA==",
      "requires": {
        "inherits": "^2.0.3",
        "string_decoder": "^1.1.1",
        "util-deprecate": "^1.0.1"
      }
    },
    "ripemd160": {
      "version": "2.0.2",
      "resolved": "https://registry.npmjs.org/ripemd160/-/ripemd160-2.0.2.tgz",
      "integrity": "sha512-ii4iagi25WusVoiC4B4lq7pbXfAp3D9v5CwfkY33vffw2+pkDjY1D8GaN7spsxvCSx8dkPqOZCEZyfxcmJG2IA==",
      "requires": {
        "hash-base": "^3.0.0",
        "inherits": "^2.0.1"
      }
    },
    "safe-buffer": {
      "version": "5.2.1",
      "resolved": "https://registry.npmjs.org/safe-buffer/-/safe-buffer-5.2.1.tgz",
      "integrity": "sha512-rp3So07KcdmmKbGvgaNxQSJr7bGVSVk5S9Eq1F+ppbRo70+YeaDxkw5Dd8NPN+GD6bjnYm2VuPuCXmpuYvmCXQ=="
    },
    "sha.js": {
      "version": "2.4.11",
      "resolved": "https://registry.npmjs.org/sha.js/-/sha.js-2.4.11.tgz",
      "integrity": "sha512-QMEp5B7cftE7APOjk5Y6xgrbWu+WkLVQwk8JNjZ8nKRciZaByEW6MubieAiToS7+dwvrjGhH8jRXz3MVd0AYqQ==",
      "requires": {
        "inherits": "^2.0.1",
        "safe-buffer": "^5.0.1"
      }
    },
    "string_decoder": {
      "version": "1.3.0",
      "resolved": "https://registry.npmjs.org/string_decoder/-/string_decoder-1.3.0.tgz",
      "integrity": "sha512-hkRX8U1WjJFd8LsDJ2yQ/wWWxaopEsABU1XfkM8A+j0+85JAGppt16cr1Whg6KIbb4okU6Mql6BOj+uup/wKeA==",
      "requires": {
        "safe-buffer": "~5.2.0"
      }
    },
    "typescript": {
      "version": "4.6.4",
      "resolved": "https://registry.npmjs.org/typescript/-/typescript-4.6.4.tgz",
      "integrity": "sha512-9ia/jWHIEbo49HfjrLGfKbZSuWo9iTMwXO+Ca3pRsSpbsMbc7/IU8NKdCZVRRBafVPGnoJeFL76ZOAA84I9fEg==",
      "dev": true
    },
    "util-deprecate": {
      "version": "1.0.2",
      "resolved": "https://registry.npmjs.org/util-deprecate/-/util-deprecate-1.0.2.tgz",
      "integrity": "sha1-RQ1Nyfpw3nMnYvvS1KKJgUGaDM8="
    }
  }
}
